
Microsoft Visual Studio Solution File, Format Version 12.00
# Visual Studio Version 17
VisualStudioVersion = 17.5.33502.453
MinimumVisualStudioVersion = 10.0.40219.1
Project("{8BC9CEB8-8B4A-11D0-8D11-00A0C91BC942}") = "ActivityStructure_162", "ActivityStructure_162.vcxproj", "{4B7FBE7A-73E9-4091-873D-B76E19589FF2}"
EndProject
Project("{8BC9CEB8-8B4A-11D0-8D11-00A0C91BC942}") = "ActivityStructure2_162", "..\ActivityStructure2_162\ActivityStructure2_162.vcxproj", "{779837C8-F913-4F4E-A988-1069FD8DA584}"
EndProject
Project("{8BC9CEB8-8B4A-11D0-8D11-00A0C91BC942}") = "ActivityStructure3_162", "..\ActivityStructure3_162\ActivityStructure3_162.vcxproj", "{93949F58-AF55-4058-AD56-17B42EC33F95}"
EndProject
Global
	GlobalSection(SolutionConfigurationPlatforms) = preSolution
		Debug|x64 = Debug|x64
		Debug|x86 = Debug|x86
		Release|x64 = Release|x64
		Release|x86 = Release|x86
	EndGlobalSection
	GlobalSection(ProjectConfigurationPlatforms) = postSolution
		{4B7FBE7A-73E9-4091-873D-B76E19589FF2}.Debug|x64.ActiveCfg = Debug|x64
		{4B7FBE7A-73E9-4091-873D-B76E19589FF2}.Debug|x64.Build.0 = Debug|x64
		{4B7FBE7A-73E9-4091-873D-B76E19589FF2}.Debug|x86.ActiveCfg = Debug|Win32
		{4B7FBE7A-73E9-4091-873D-B76E19589FF2}.Debug|x86.Build.0 = Debug|Win32
		{4B7FBE7A-73E9-4091-873D-B76E19589FF2}.Release|x64.ActiveCfg = Release|x64
		{4B7FBE7A-73E9-4091-873D-B76E19589FF2}.Release|x64.Build.0 = Release|x64
		{4B7FBE7A-73E9-4091-873D-B76E19589FF2}.Release|x86.ActiveCfg = Release|Win32
		{4B7FBE7A-73E9-4091-873D-B76E19589FF2}.Release|x86.Build.0 = Release|Win32
		{779837C8-F913-4F4E-A988-1069FD8DA584}.Debug|x64.ActiveCfg = Debug|x64
		{779837C8-F913-4F4E-A988-1069FD8DA584}.Debug|x64.Build.0 = Debug|x64
		{779837C8-F913-4F4E-A988-1069FD8DA584}.Debug|x86.ActiveCfg = Debug|Win32
		{779837C8-F913-4F4E-A988-1069FD8DA584}.Debug|x86.Build.0 = Debug|Win32
		{779837C8-F913-4F4E-A988-1069FD8DA584}.Release|x64.ActiveCfg = Release|x64
		{779837C8-F913-4F4E-A988-1069FD8DA584}.Release|x64.Build.0 = Release|x64
		{779837C8-F913-4F4E-A988-1069FD8DA584}.Release|x86.ActiveCfg = Release|Win32
		{779837C8-F913-4F4E-A988-1069FD8DA584}.Release|x86.Build.0 = Release|Win32
		{93949F58-AF55-4058-AD56-17B42EC33F95}.Debug|x64.ActiveCfg = Debug|x64
		{93949F58-AF55-4058-AD56-17B42EC33F95}.Debug|x64.Build.0 = Debug|x64
		{93949F58-AF55-4058-AD56-17B42EC33F95}.Debug|x86.ActiveCfg = Debug|Win32
		{93949F58-AF55-4058-AD56-17B42EC33F95}.Debug|x86.Build.0 = Debug|Win32
		{93949F58-AF55-4058-AD56-17B42EC33F95}.Release|x64.ActiveCfg = Release|x64
		{93949F58-AF55-4058-AD56-17B42EC33F95}.Release|x64.Build.0 = Release|x64
		{93949F58-AF55-4058-AD56-17B42EC33F95}.Release|x86.ActiveCfg = Release|Win32
		{93949F58-AF55-4058-AD56-17B42EC33F95}.Release|x86.Build.0 = Release|Win32
	EndGlobalSection
	GlobalSection(SolutionProperties) = preSolution
		HideSolutionNode = FALSE
	EndGlobalSection
	GlobalSection(ExtensibilityGlobals) = postSolution
		SolutionGuid = {4FF14810-994F-4440-BA7B-136C4C2BAD93}
	EndGlobalSection
EndGlobal
